
Microsoft Visual Studio Solution File, Format Version 12.00
# Visual Studio Version 17
VisualStudioVersion = 17.11.35312.102
MinimumVisualStudioVersion = 10.0.40219.1
Project("{FAE04EC0-301F-11D3-BF4B-00C04F79EFBC}") = "OrderServices", "OrderServices\OrderServices.csproj", "{CAADD2DC-F90A-447F-8A50-3087A6E0DF54}"
EndProject
Project("{FAE04EC0-301F-11D3-BF4B-00C04F79EFBC}") = "ShippingServices", "ShippingServices\ShippingServices.csproj", "{E953A11C-A5B7-43B5-AE93-9A58DE46C21F}"
EndProject
Project("{FAE04EC0-301F-11D3-BF4B-00C04F79EFBC}") = "SharedMessage", "SharedMessage\SharedMessage.csproj", "{A73B1ECB-8542-4F18-B258-5D7C9C8CC954}"
EndProject
Project("{FAE04EC0-301F-11D3-BF4B-00C04F79EFBC}") = "TrackingService", "TrackingService\TrackingService.csproj", "{8A058705-FDF0-4413-A5CD-99621CDAD276}"
EndProject
Global
	GlobalSection(SolutionConfigurationPlatforms) = preSolution
		Debug|Any CPU = Debug|Any CPU
		Release|Any CPU = Release|Any CPU
	EndGlobalSection
	GlobalSection(ProjectConfigurationPlatforms) = postSolution
		{CAADD2DC-F90A-447F-8A50-3087A6E0DF54}.Debug|Any CPU.ActiveCfg = Debug|Any CPU
		{CAADD2DC-F90A-447F-8A50-3087A6E0DF54}.Debug|Any CPU.Build.0 = Debug|Any CPU
		{CAADD2DC-F90A-447F-8A50-3087A6E0DF54}.Release|Any CPU.ActiveCfg = Release|Any CPU
		{CAADD2DC-F90A-447F-8A50-3087A6E0DF54}.Release|Any CPU.Build.0 = Release|Any CPU
		{E953A11C-A5B7-43B5-AE93-9A58DE46C21F}.Debug|Any CPU.ActiveCfg = Debug|Any CPU
		{E953A11C-A5B7-43B5-AE93-9A58DE46C21F}.Debug|Any CPU.Build.0 = Debug|Any CPU
		{E953A11C-A5B7-43B5-AE93-9A58DE46C21F}.Release|Any CPU.ActiveCfg = Release|Any CPU
		{E953A11C-A5B7-43B5-AE93-9A58DE46C21F}.Release|Any CPU.Build.0 = Release|Any CPU
		{A73B1ECB-8542-4F18-B258-5D7C9C8CC954}.Debug|Any CPU.ActiveCfg = Debug|Any CPU
		{A73B1ECB-8542-4F18-B258-5D7C9C8CC954}.Debug|Any CPU.Build.0 = Debug|Any CPU
		{A73B1ECB-8542-4F18-B258-5D7C9C8CC954}.Release|Any CPU.ActiveCfg = Release|Any CPU
		{A73B1ECB-8542-4F18-B258-5D7C9C8CC954}.Release|Any CPU.Build.0 = Release|Any CPU
		{8A058705-FDF0-4413-A5CD-99621CDAD276}.Debug|Any CPU.ActiveCfg = Debug|Any CPU
		{8A058705-FDF0-4413-A5CD-99621CDAD276}.Debug|Any CPU.Build.0 = Debug|Any CPU
		{8A058705-FDF0-4413-A5CD-99621CDAD276}.Release|Any CPU.ActiveCfg = Release|Any CPU
		{8A058705-FDF0-4413-A5CD-99621CDAD276}.Release|Any CPU.Build.0 = Release|Any CPU
	EndGlobalSection
	GlobalSection(SolutionProperties) = preSolution
		HideSolutionNode = FALSE
	EndGlobalSection
	GlobalSection(ExtensibilityGlobals) = postSolution
		SolutionGuid = {F2C89B04-86F3-4D1D-BCCF-D2D9CF87AAF3}
	EndGlobalSection
EndGlobal
